// !$*UTF8*$!
{
	archiveVersion = 1;
	classes = {
	};
	objectVersion = 38;
	objects = {
		014CEA4F0018CE4811CA2923 = {
			buildRules = (
			);
			buildSettings = {
				COPY_PHASE_STRIP = NO;
				OPTIMIZATION_CFLAGS = "-O0";
			};
			isa = PBXBuildStyle;
			name = Development;
		};
		014CEA500018CE4811CA2923 = {
			buildRules = (
			);
			buildSettings = {
				COPY_PHASE_STRIP = YES;
			};
			isa = PBXBuildStyle;
			name = Deployment;
		};
//010
//011
//012
//013
//014
//030
//031
//032
//033
//034
		034768E6FF38A76511DB9C8B = {
			isa = PBXExecutableFileReference;
			path = "GET Example";
			refType = 3;
		};
//030
//031
//032
//033
//034
//080
//081
//082
//083
//084
		08FB7793FE84155DC02AAC07 = {
			buildStyles = (
				014CEA4F0018CE4811CA2923,
				014CEA500018CE4811CA2923,
			);
			hasScannedForEncodings = 1;
			isa = PBXProject;
			mainGroup = 08FB7794FE84155DC02AAC07;
			projectDirPath = "";
			targets = (
				08FB779FFE84155DC02AAC07,
			);
		};
		08FB7794FE84155DC02AAC07 = {
			children = (
				32A70AAB03705E1F00C91783,
				08FB7795FE84155DC02AAC07,
				08FB779DFE84155DC02AAC07,
				1AB674ADFE9D54B511CA2CBB,
			);
			isa = PBXGroup;
			name = "GET Example";
			refType = 4;
		};
		08FB7795FE84155DC02AAC07 = {
			children = (
				DA6755B904982DE3006388E0,
				DA675582049826BF006388E0,
				DA675581049826BF006388E0,
				DA6755800498269D006388E0,
			);
			isa = PBXGroup;
			name = Source;
			refType = 4;
		};
		08FB779DFE84155DC02AAC07 = {
			children = (
				08FB779EFE84155DC02AAC07,
			);
			isa = PBXGroup;
			name = Frameworks;
			refType = 4;
		};
		08FB779EFE84155DC02AAC07 = {
			isa = PBXFrameworkReference;
			name = Foundation.framework;
			path = /System/Library/Frameworks/Foundation.framework;
			refType = 0;
		};
		08FB779FFE84155DC02AAC07 = {
			buildPhases = (
				08FB77A0FE84155DC02AAC07,
				08FB77A1FE84155DC02AAC07,
				08FB77A3FE84155DC02AAC07,
				08FB77A5FE84155DC02AAC07,
				C6859EA4029092FD04C91782,
			);
			buildSettings = {
				FRAMEWORK_SEARCH_PATHS = "";
				HEADER_SEARCH_PATHS = "";
				INSTALL_PATH = "$(HOME)/bin";
				LIBRARY_SEARCH_PATHS = "";
				OTHER_CFLAGS = "";
				OTHER_LDFLAGS = "";
				OTHER_REZFLAGS = "";
				PRECOMPILE_PREFIX_HEADER = YES;
				PREFIX_HEADER = GEPrefix.h;
				PRODUCT_NAME = "GET Example";
				REZ_EXECUTABLE = YES;
				SECTORDER_FLAGS = "";
				WARNING_CFLAGS = "-Wmost -Wno-four-char-constants -Wno-unknown-pragmas";
			};
			dependencies = (
			);
			isa = PBXToolTarget;
			name = "GET Example";
			productInstallPath = "$(HOME)/bin";
			productName = "GET Example";
			productReference = 034768E6FF38A76511DB9C8B;
		};
		08FB77A0FE84155DC02AAC07 = {
			buildActionMask = 2147483647;
			files = (
				32A70AAC03705E1F00C91783,
				DA67557E0498269B006388E0,
				DA675583049826BF006388E0,
			);
			isa = PBXHeadersBuildPhase;
			runOnlyForDeploymentPostprocessing = 0;
		};
		08FB77A1FE84155DC02AAC07 = {
			buildActionMask = 2147483647;
			files = (
				DA67557F0498269B006388E0,
				DA675584049826BF006388E0,
				DA6755BA04982DE3006388E0,
			);
			isa = PBXSourcesBuildPhase;
			runOnlyForDeploymentPostprocessing = 0;
		};
		08FB77A3FE84155DC02AAC07 = {
			buildActionMask = 2147483647;
			files = (
				08FB77A4FE84155DC02AAC07,
			);
			isa = PBXFrameworksBuildPhase;
			runOnlyForDeploymentPostprocessing = 0;
		};
		08FB77A4FE84155DC02AAC07 = {
			fileRef = 08FB779EFE84155DC02AAC07;
			isa = PBXBuildFile;
			settings = {
			};
		};
		08FB77A5FE84155DC02AAC07 = {
			buildActionMask = 2147483647;
			files = (
			);
			isa = PBXRezBuildPhase;
			runOnlyForDeploymentPostprocessing = 0;
		};
//080
//081
//082
//083
//084
//1A0
//1A1
//1A2
//1A3
//1A4
		1AB674ADFE9D54B511CA2CBB = {
			children = (
				034768E6FF38A76511DB9C8B,
			);
			isa = PBXGroup;
			name = Products;
			refType = 4;
		};
//1A0
//1A1
//1A2
//1A3
//1A4
//320
//321
//322
//323
//324
		32A70AAB03705E1F00C91783 = {
			fileEncoding = 4;
			isa = PBXFileReference;
			path = GEPrefix.h;
			refType = 4;
		};
		32A70AAC03705E1F00C91783 = {
			fileRef = 32A70AAB03705E1F00C91783;
			isa = PBXBuildFile;
			settings = {
			};
		};
//320
//321
//322
//323
//324
//C60
//C61
//C62
//C63
//C64
		C6859EA4029092FD04C91782 = {
			buildActionMask = 8;
			dstPath = /usr/share/man/man1/;
			dstSubfolderSpec = 0;
			files = (
			);
			isa = PBXCopyFilesBuildPhase;
			runOnlyForDeploymentPostprocessing = 1;
		};
//C60
//C61
//C62
//C63
//C64
//DA0
//DA1
//DA2
//DA3
//DA4
		DA67557C0498269B006388E0 = {
			fileEncoding = 30;
			isa = PBXFileReference;
			name = NetSocket.h;
			path = ../../Classes/NetSocket.h;
			refType = 4;
		};
		DA67557D0498269B006388E0 = {
			fileEncoding = 30;
			isa = PBXFileReference;
			name = NetSocket.m;
			path = ../../Classes/NetSocket.m;
			refType = 4;
		};
		DA67557E0498269B006388E0 = {
			fileRef = DA67557C0498269B006388E0;
			isa = PBXBuildFile;
			settings = {
			};
		};
		DA67557F0498269B006388E0 = {
			fileRef = DA67557D0498269B006388E0;
			isa = PBXBuildFile;
			settings = {
			};
		};
		DA6755800498269D006388E0 = {
			children = (
				DA67557D0498269B006388E0,
				DA67557C0498269B006388E0,
			);
			isa = PBXGroup;
			name = NetSocket;
			refType = 4;
		};
		DA675581049826BF006388E0 = {
			fileEncoding = 4;
			isa = PBXFileReference;
			name = GEApplication.h;
			path = Source/GEApplication.h;
			refType = 4;
		};
		DA675582049826BF006388E0 = {
			fileEncoding = 4;
			isa = PBXFileReference;
			name = GEApplication.m;
			path = Source/GEApplication.m;
			refType = 4;
		};
		DA675583049826BF006388E0 = {
			fileRef = DA675581049826BF006388E0;
			isa = PBXBuildFile;
			settings = {
			};
		};
		DA675584049826BF006388E0 = {
			fileRef = DA675582049826BF006388E0;
			isa = PBXBuildFile;
			settings = {
			};
		};
		DA6755B904982DE3006388E0 = {
			fileEncoding = 30;
			isa = PBXFileReference;
			name = main.m;
			path = Source/main.m;
			refType = 4;
		};
		DA6755BA04982DE3006388E0 = {
			fileRef = DA6755B904982DE3006388E0;
			isa = PBXBuildFile;
			settings = {
			};
		};
	};
	rootObject = 08FB7793FE84155DC02AAC07;
}
